
Microsoft Visual Studio Solution File, Format Version 12.00
# Visual Studio Version 17
VisualStudioVersion = 17.0.32014.148
MinimumVisualStudioVersion = 10.0.40219.1
Project("{9A19103F-16F7-4668-BE54-9A1E7A4F7556}") = "Question1", "Question1\Question1.csproj", "{831F11AB-7BAE-4678-921D-B8639AF2BB0D}"
EndProject
Project("{9A19103F-16F7-4668-BE54-9A1E7A4F7556}") = "GroupSecondarySchoolModel", "..\GroupSecondarySchoolModel\GroupSecondarySchoolModel\GroupSecondarySchoolModel.csproj", "{1C049938-908B-43F2-AF18-FE9D16A0C47E}"
EndProject
Project("{9A19103F-16F7-4668-BE54-9A1E7A4F7556}") = "OshbornCCSAevaluation", "..\..\source\OshbornCCSAevaluation\OshbornCCSAevaluation.csproj", "{418EA3C4-503B-4498-BE23-C623379547DC}"
EndProject
Global
	GlobalSection(SolutionConfigurationPlatforms) = preSolution
		Debug|Any CPU = Debug|Any CPU
		Release|Any CPU = Release|Any CPU
	EndGlobalSection
	GlobalSection(ProjectConfigurationPlatforms) = postSolution
		{831F11AB-7BAE-4678-921D-B8639AF2BB0D}.Debug|Any CPU.ActiveCfg = Debug|Any CPU
		{831F11AB-7BAE-4678-921D-B8639AF2BB0D}.Debug|Any CPU.Build.0 = Debug|Any CPU
		{831F11AB-7BAE-4678-921D-B8639AF2BB0D}.Release|Any CPU.ActiveCfg = Release|Any CPU
		{831F11AB-7BAE-4678-921D-B8639AF2BB0D}.Release|Any CPU.Build.0 = Release|Any CPU
		{1C049938-908B-43F2-AF18-FE9D16A0C47E}.Debug|Any CPU.ActiveCfg = Debug|Any CPU
		{1C049938-908B-43F2-AF18-FE9D16A0C47E}.Debug|Any CPU.Build.0 = Debug|Any CPU
		{1C049938-908B-43F2-AF18-FE9D16A0C47E}.Release|Any CPU.ActiveCfg = Release|Any CPU
		{1C049938-908B-43F2-AF18-FE9D16A0C47E}.Release|Any CPU.Build.0 = Release|Any CPU
		{418EA3C4-503B-4498-BE23-C623379547DC}.Debug|Any CPU.ActiveCfg = Debug|Any CPU
		{418EA3C4-503B-4498-BE23-C623379547DC}.Debug|Any CPU.Build.0 = Debug|Any CPU
		{418EA3C4-503B-4498-BE23-C623379547DC}.Release|Any CPU.ActiveCfg = Release|Any CPU
		{418EA3C4-503B-4498-BE23-C623379547DC}.Release|Any CPU.Build.0 = Release|Any CPU
	EndGlobalSection
	GlobalSection(SolutionProperties) = preSolution
		HideSolutionNode = FALSE
	EndGlobalSection
	GlobalSection(ExtensibilityGlobals) = postSolution
		SolutionGuid = {35CDC463-B363-43A1-8DDD-A4493ADC5171}
	EndGlobalSection
EndGlobal
